{
  "version": "4",
  "specifiers": {
    "jsr:@std/assert@1": "1.0.13",
    "jsr:@std/internal@^1.0.6": "1.0.6",
    "npm:graphql-yoga@^5.13.4": "5.13.4_graphql@16.11.0"
  },
  "jsr": {
    "@std/assert@1.0.13": {
      "integrity": "ae0d31e41919b12c656c742b22522c32fb26ed0cba32975cb0de2a273cb68b29",
      "dependencies": [
        "jsr:@std/internal"
      ]
    },
    "@std/internal@1.0.6": {
      "integrity": "9533b128f230f73bd209408bb07a4b12f8d4255ab2a4d22a1fd6d87304aca9a4"
    }
  },
  "npm": {
    "@envelop/core@5.2.3": {
      "integrity": "sha512-KfoGlYD/XXQSc3BkM1/k15+JQbkQ4ateHazeZoWl9P71FsLTDXSjGy6j7QqfhpIDSbxNISqhPMfZHYSbDFOofQ==",
      "dependencies": [
        "@envelop/instrumentation",
        "@envelop/types",
        "@whatwg-node/promise-helpers",
        "tslib"
      ]
    },
    "@envelop/instrumentation@1.0.0": {
      "integrity": "sha512-cxgkB66RQB95H3X27jlnxCRNTmPuSTgmBAq6/4n2Dtv4hsk4yz8FadA1ggmd0uZzvKqWD6CR+WFgTjhDqg7eyw==",
      "dependencies": [
        "@whatwg-node/promise-helpers",
        "tslib"
      ]
    },
    "@envelop/types@5.2.1": {
      "integrity": "sha512-CsFmA3u3c2QoLDTfEpGr4t25fjMU31nyvse7IzWTvb0ZycuPjMjb0fjlheh+PbhBYb9YLugnT2uY6Mwcg1o+Zg==",
      "dependencies": [
        "@whatwg-node/promise-helpers",
        "tslib"
      ]
    },
    "@fastify/busboy@3.1.1": {
      "integrity": "sha512-5DGmA8FTdB2XbDeEwc/5ZXBl6UbBAyBOOLlPuBnZ/N1SwdH9Ii+cOX3tBROlDgcTXxjOYnLMVoKk9+FXAw0CJw=="
    },
    "@graphql-tools/executor@1.4.7_graphql@16.11.0": {
      "integrity": "sha512-U0nK9jzJRP9/9Izf1+0Gggd6K6RNRsheFo1gC/VWzfnsr0qjcOSS9qTjY0OTC5iTPt4tQ+W5Zpw/uc7mebI6aA==",
      "dependencies": [
        "@graphql-tools/utils",
        "@graphql-typed-document-node/core",
        "@repeaterjs/repeater",
        "@whatwg-node/disposablestack",
        "@whatwg-node/promise-helpers",
        "graphql",
        "tslib"
      ]
    },
    "@graphql-tools/merge@9.0.24_graphql@16.11.0": {
      "integrity": "sha512-NzWx/Afl/1qHT3Nm1bghGG2l4jub28AdvtG11PoUlmjcIjnFBJMv4vqL0qnxWe8A82peWo4/TkVdjJRLXwgGEw==",
      "dependencies": [
        "@graphql-tools/utils",
        "graphql",
        "tslib"
      ]
    },
    "@graphql-tools/schema@10.0.23_graphql@16.11.0": {
      "integrity": "sha512-aEGVpd1PCuGEwqTXCStpEkmheTHNdMayiIKH1xDWqYp9i8yKv9FRDgkGrY4RD8TNxnf7iII+6KOBGaJ3ygH95A==",
      "dependencies": [
        "@graphql-tools/merge",
        "@graphql-tools/utils",
        "graphql",
        "tslib"
      ]
    },
    "@graphql-tools/utils@10.8.6_graphql@16.11.0": {
      "integrity": "sha512-Alc9Vyg0oOsGhRapfL3xvqh1zV8nKoFUdtLhXX7Ki4nClaIJXckrA86j+uxEuG3ic6j4jlM1nvcWXRn/71AVLQ==",
      "dependencies": [
        "@graphql-typed-document-node/core",
        "@whatwg-node/promise-helpers",
        "cross-inspect",
        "dset",
        "graphql",
        "tslib"
      ]
    },
    "@graphql-typed-document-node/core@3.2.0_graphql@16.11.0": {
      "integrity": "sha512-mB9oAsNCm9aM3/SOv4YtBMqZbYj10R7dkq8byBqxGY/ncFwhf2oQzMV+LCRlWoDSEBJ3COiR1yeDvMtsoOsuFQ==",
      "dependencies": [
        "graphql"
      ]
    },
    "@graphql-yoga/logger@2.0.1": {
      "integrity": "sha512-Nv0BoDGLMg9QBKy9cIswQ3/6aKaKjlTh87x3GiBg2Z4RrjyrM48DvOOK0pJh1C1At+b0mUIM67cwZcFTDLN4sA==",
      "dependencies": [
        "tslib"
      ]
    },
    "@graphql-yoga/subscription@5.0.5": {
      "integrity": "sha512-oCMWOqFs6QV96/NZRt/ZhTQvzjkGB4YohBOpKM4jH/lDT4qb7Lex/aGCxpi/JD9njw3zBBtMqxbaC22+tFHVvw==",
      "dependencies": [
        "@graphql-yoga/typed-event-target",
        "@repeaterjs/repeater",
        "@whatwg-node/events",
        "tslib"
      ]
    },
    "@graphql-yoga/typed-event-target@3.0.2": {
      "integrity": "sha512-ZpJxMqB+Qfe3rp6uszCQoag4nSw42icURnBRfFYSOmTgEeOe4rD0vYlbA8spvCu2TlCesNTlEN9BLWtQqLxabA==",
      "dependencies": [
        "@repeaterjs/repeater",
        "tslib"
      ]
    },
    "@repeaterjs/repeater@3.0.6": {
      "integrity": "sha512-Javneu5lsuhwNCryN+pXH93VPQ8g0dBX7wItHFgYiwQmzE1sVdg5tWHiOgHywzL2W21XQopa7IwIEnNbmeUJYA=="
    },
    "@whatwg-node/disposablestack@0.0.6": {
      "integrity": "sha512-LOtTn+JgJvX8WfBVJtF08TGrdjuFzGJc4mkP8EdDI8ADbvO7kiexYep1o8dwnt0okb0jYclCDXF13xU7Ge4zSw==",
      "dependencies": [
        "@whatwg-node/promise-helpers",
        "tslib"
      ]
    },
    "@whatwg-node/events@0.1.2": {
      "integrity": "sha512-ApcWxkrs1WmEMS2CaLLFUEem/49erT3sxIVjpzU5f6zmVcnijtDSrhoK2zVobOIikZJdH63jdAXOrvjf6eOUNQ==",
      "dependencies": [
        "tslib"
      ]
    },
    "@whatwg-node/fetch@0.10.6": {
      "integrity": "sha512-6uzhO2aQ757p3bSHcemA8C4pqEXuyBqyGAM7cYpO0c6/igRMV9As9XL0W12h5EPYMclgr7FgjmbVQBoWEdJ/yA==",
      "dependencies": [
        "@whatwg-node/node-fetch",
        "urlpattern-polyfill"
      ]
    },
    "@whatwg-node/node-fetch@0.7.18": {
      "integrity": "sha512-IxKdVWfZYasGiyxBcsROxq6FmDQu3MNNiOYJ/yqLKhe+Qq27IIWsK7ItbjS2M9L5aM5JxjWkIS7JDh7wnsn+CQ==",
      "dependencies": [
        "@fastify/busboy",
        "@whatwg-node/disposablestack",
        "@whatwg-node/promise-helpers",
        "tslib"
      ]
    },
    "@whatwg-node/promise-helpers@1.3.1": {
      "integrity": "sha512-D+OwTEunoQhVHVToD80dPhfz9xgPLqJyEA3F5jCRM14A2u8tBBQVdZekqfqx6ZAfZ+POT4Hb0dn601UKMsvADw==",
      "dependencies": [
        "tslib"
      ]
    },
    "@whatwg-node/server@0.10.5": {
      "integrity": "sha512-ydxzH1iox9AzLe+uaX9jjyVFkQO+h15j+JClropw0P4Vz+ES4+xTZVu5leUsWW8AYTVZBFkiC0iHl/PwFZ+Q1Q==",
      "dependencies": [
        "@envelop/instrumentation",
        "@whatwg-node/disposablestack",
        "@whatwg-node/fetch",
        "@whatwg-node/promise-helpers",
        "tslib"
      ]
    },
    "cross-inspect@1.0.1": {
      "integrity": "sha512-Pcw1JTvZLSJH83iiGWt6fRcT+BjZlCDRVwYLbUcHzv/CRpB7r0MlSrGbIyQvVSNyGnbt7G4AXuyCiDR3POvZ1A==",
      "dependencies": [
        "tslib"
      ]
    },
    "dset@3.1.4": {
      "integrity": "sha512-2QF/g9/zTaPDc3BjNcVTGoBbXBgYfMTTceLaYcFJ/W9kggFUkhxD/hMEeuLKbugyef9SqAx8cpgwlIP/jinUTA=="
    },
    "graphql-yoga@5.13.4_graphql@16.11.0": {
      "integrity": "sha512-q5l3HEvgXnZCKG6K38fz3XNBX41GkHkIYspJbdVl9QVsm5Ah0EFUkY303tEOx8IucyB0h2hb8OfbYXEcoNCLMw==",
      "dependencies": [
        "@envelop/core",
        "@envelop/instrumentation",
        "@graphql-tools/executor",
        "@graphql-tools/schema",
        "@graphql-tools/utils",
        "@graphql-yoga/logger",
        "@graphql-yoga/subscription",
        "@whatwg-node/fetch",
        "@whatwg-node/promise-helpers",
        "@whatwg-node/server",
        "dset",
        "graphql",
        "lru-cache",
        "tslib"
      ]
    },
    "graphql@16.11.0": {
      "integrity": "sha512-mS1lbMsxgQj6hge1XZ6p7GPhbrtFwUFYi3wRzXAC/FmYnyXMTvvI3td3rjmQ2u8ewXueaSvRPWaEcgVVOT9Jnw=="
    },
    "lru-cache@10.4.3": {
      "integrity": "sha512-JNAzZcXrCt42VGLuYz0zfAzDfAvJWW6AfYlDBQyDV5DClI2m5sAmK+OIO7s59XfsRsWHp02jAJrRadPRGTt6SQ=="
    },
    "tslib@2.8.1": {
      "integrity": "sha512-oJFu94HQb+KVduSUQL7wnpmqnfmLsOA/nAh6b6EH0wCEoK0/mPeXU6c3wKDV83MkOuHPRHtSXKKU99IBazS/2w=="
    },
    "urlpattern-polyfill@10.0.0": {
      "integrity": "sha512-H/A06tKD7sS1O1X2SshBVeA5FLycRpjqiBeqGKmBwBDBy28EnRjORxTNe269KSSr5un5qyWi1iL61wLxpd+ZOg=="
    }
  },
  "remote": {
    "https://deno.land/std@0.224.0/async/delay.ts": "f90dd685b97c2f142b8069082993e437b1602b8e2561134827eeb7c12b95c499",
    "https://deno.land/std@0.224.0/http/server.ts": "f9313804bf6467a1704f45f76cb6cd0a3396a3b31c316035e6a4c2035d1ea514"
  },
  "workspace": {
    "dependencies": [
      "jsr:@std/assert@1",
      "npm:graphql-yoga@^5.13.4"
    ]
  }
}
